
Microsoft Visual Studio Solution File, Format Version 12.00
# Visual Studio Version 16
VisualStudioVersion = 16.0.31402.337
MinimumVisualStudioVersion = 10.0.40219.1
Project("{FAE04EC0-301F-11D3-BF4B-00C04F79EFBC}") = "TCP-client", "TCP-client\TCP-client.csproj", "{B2BBD58E-64DB-4CA9-BEE3-C39E2356D61D}"
EndProject
Global
	GlobalSection(SolutionConfigurationPlatforms) = preSolution
		Debug|Any CPU = Debug|Any CPU
		Release|Any CPU = Release|Any CPU
	EndGlobalSection
	GlobalSection(ProjectConfigurationPlatforms) = postSolution
		{B2BBD58E-64DB-4CA9-BEE3-C39E2356D61D}.Debug|Any CPU.ActiveCfg = Debug|Any CPU
		{B2BBD58E-64DB-4CA9-BEE3-C39E2356D61D}.Debug|Any CPU.Build.0 = Debug|Any CPU
		{B2BBD58E-64DB-4CA9-BEE3-C39E2356D61D}.Release|Any CPU.ActiveCfg = Release|Any CPU
		{B2BBD58E-64DB-4CA9-BEE3-C39E2356D61D}.Release|Any CPU.Build.0 = Release|Any CPU
	EndGlobalSection
	GlobalSection(SolutionProperties) = preSolution
		HideSolutionNode = FALSE
	EndGlobalSection
	GlobalSection(ExtensibilityGlobals) = postSolution
		SolutionGuid = {95D12D59-0AA2-433B-B057-975215290920}
	EndGlobalSection
EndGlobal
